# This file is automatically @generated by Cargo.
# It is not intended for manual editing.
version = 4

[[package]]
name = "Ownership"
version = "0.1.0"

[[package]]
name = "array"
version = "0.1.0"

[[package]]
name = "comments"
version = "0.1.0"

[[package]]
name = "enums"
version = "0.1.0"

[[package]]
name = "function"
version = "0.1.0"

[[package]]
name = "if_else"
version = "0.1.0"

[[package]]
name = "if_let"
version = "0.1.0"

[[package]]
name = "lifetimes"
version = "0.1.0"

[[package]]
name = "matchs"
version = "0.1.0"

[[package]]
name = "methods-struct"
version = "0.1.0"

[[package]]
name = "modules"
version = "0.1.0"

[[package]]
name = "option_match"
version = "0.1.0"

[[package]]
name = "options"
version = "0.1.0"

[[package]]
name = "references"
version = "0.1.0"

[[package]]
name = "structs"
version = "0.1.0"

[[package]]
name = "tuple"
version = "0.1.0"

[[package]]
name = "tuple_struct"
version = "0.1.0"
